
Microsoft Visual Studio Solution File, Format Version 12.00
# Visual Studio 15
Project("{FAE04EC0-301F-11D3-BF4B-00C04F79EFBC}") = "ChipmunkDemo.iOS", "ChipmunkDemo.iOS\ChipmunkDemo.iOS.csproj", "{7030CD19-1063-4DA0-A221-34F2A0E41A0F}"
EndProject
Project("{D954291E-2A0B-460D-934E-DC6B0785DB48}") = "ChipmunkDemo.Shared", "ChipmunkDemo.Shared\ChipmunkDemo.Shared.shproj", "{81D5C31E-3677-4B48-935A-D105AA41C431}"
EndProject
Global
	GlobalSection(SolutionConfigurationPlatforms) = preSolution
		Debug|iPhoneSimulator = Debug|iPhoneSimulator
		Release|iPhoneSimulator = Release|iPhoneSimulator
		Debug|iPhone = Debug|iPhone
		Release|iPhone = Release|iPhone
	EndGlobalSection
	GlobalSection(ProjectConfigurationPlatforms) = postSolution
		{7030CD19-1063-4DA0-A221-34F2A0E41A0F}.Debug|iPhoneSimulator.ActiveCfg = Debug|iPhoneSimulator
		{7030CD19-1063-4DA0-A221-34F2A0E41A0F}.Debug|iPhoneSimulator.Build.0 = Debug|iPhoneSimulator
		{7030CD19-1063-4DA0-A221-34F2A0E41A0F}.Release|iPhoneSimulator.ActiveCfg = Release|iPhoneSimulator
		{7030CD19-1063-4DA0-A221-34F2A0E41A0F}.Release|iPhoneSimulator.Build.0 = Release|iPhoneSimulator
		{7030CD19-1063-4DA0-A221-34F2A0E41A0F}.Debug|iPhone.ActiveCfg = Debug|iPhone
		{7030CD19-1063-4DA0-A221-34F2A0E41A0F}.Debug|iPhone.Build.0 = Debug|iPhone
		{7030CD19-1063-4DA0-A221-34F2A0E41A0F}.Release|iPhone.ActiveCfg = Release|iPhone
		{7030CD19-1063-4DA0-A221-34F2A0E41A0F}.Release|iPhone.Build.0 = Release|iPhone
	EndGlobalSection
EndGlobal
